
Microsoft Visual Studio Solution File, Format Version 12.00
# Visual Studio Version 17
VisualStudioVersion = 17.2.32630.192
MinimumVisualStudioVersion = 10.0.40219.1
Project("{FAE04EC0-301F-11D3-BF4B-00C04F79EFBC}") = "BookinSystemWebApi", "BookinSystemWebApi\BookinSystemWebApi.csproj", "{E3C7DAC3-B98F-46C6-A2AD-E3062E29CD88}"
EndProject
Global
	GlobalSection(SolutionConfigurationPlatforms) = preSolution
		Debug|Any CPU = Debug|Any CPU
		Release|Any CPU = Release|Any CPU
	EndGlobalSection
	GlobalSection(ProjectConfigurationPlatforms) = postSolution
		{E3C7DAC3-B98F-46C6-A2AD-E3062E29CD88}.Debug|Any CPU.ActiveCfg = Debug|Any CPU
		{E3C7DAC3-B98F-46C6-A2AD-E3062E29CD88}.Debug|Any CPU.Build.0 = Debug|Any CPU
		{E3C7DAC3-B98F-46C6-A2AD-E3062E29CD88}.Release|Any CPU.ActiveCfg = Release|Any CPU
		{E3C7DAC3-B98F-46C6-A2AD-E3062E29CD88}.Release|Any CPU.Build.0 = Release|Any CPU
	EndGlobalSection
	GlobalSection(SolutionProperties) = preSolution
		HideSolutionNode = FALSE
	EndGlobalSection
	GlobalSection(ExtensibilityGlobals) = postSolution
		SolutionGuid = {D2FE40E7-05E0-4D9E-9DBF-5077E98210B4}
	EndGlobalSection
EndGlobal
