
Microsoft Visual Studio Solution File, Format Version 12.00
# Visual Studio Version 17
VisualStudioVersion = 17.2.32630.192
MinimumVisualStudioVersion = 10.0.40219.1
Project("{FAE04EC0-301F-11D3-BF4B-00C04F79EFBC}") = "HotelBookingSystem", "HotelBookingSystem\HotelBookingSystem.csproj", "{BD694A8E-FA44-4498-80CF-96EABD9D8AC8}"
EndProject
Global
	GlobalSection(SolutionConfigurationPlatforms) = preSolution
		Debug|Any CPU = Debug|Any CPU
		Release|Any CPU = Release|Any CPU
	EndGlobalSection
	GlobalSection(ProjectConfigurationPlatforms) = postSolution
		{BD694A8E-FA44-4498-80CF-96EABD9D8AC8}.Debug|Any CPU.ActiveCfg = Debug|Any CPU
		{BD694A8E-FA44-4498-80CF-96EABD9D8AC8}.Debug|Any CPU.Build.0 = Debug|Any CPU
		{BD694A8E-FA44-4498-80CF-96EABD9D8AC8}.Release|Any CPU.ActiveCfg = Release|Any CPU
		{BD694A8E-FA44-4498-80CF-96EABD9D8AC8}.Release|Any CPU.Build.0 = Release|Any CPU
	EndGlobalSection
	GlobalSection(SolutionProperties) = preSolution
		HideSolutionNode = FALSE
	EndGlobalSection
	GlobalSection(ExtensibilityGlobals) = postSolution
		SolutionGuid = {7F8C3075-45C2-40FD-9341-AE5C5431FA22}
	EndGlobalSection
EndGlobal
